
Microsoft Visual Studio Solution File, Format Version 12.00
# Visual Studio Version 17
VisualStudioVersion = 17.2.32616.157
MinimumVisualStudioVersion = 10.0.40219.1
Project("{8BC9CEB8-8B4A-11D0-8D11-00A0C91BC942}") = "PolyNew", "PolyNew.vcxproj", "{BC538473-1DB1-4EF6-8576-377C6310C3A9}"
EndProject
Project("{8BC9CEB8-8B4A-11D0-8D11-00A0C91BC942}") = "PolyTest", "..\PolyTest\PolyTest.vcxproj", "{905E1710-A8B9-408F-B452-37E8867219E9}"
EndProject
Project("{8BC9CEB8-8B4A-11D0-8D11-00A0C91BC942}") = "PolyLib", "..\PolyLib\PolyLib.vcxproj", "{3753552A-9215-4B99-AEBF-ED95FB2F8878}"
EndProject
Global
	GlobalSection(SolutionConfigurationPlatforms) = preSolution
		Debug|x64 = Debug|x64
		Debug|x86 = Debug|x86
		Release|x64 = Release|x64
		Release|x86 = Release|x86
	EndGlobalSection
	GlobalSection(ProjectConfigurationPlatforms) = postSolution
		{BC538473-1DB1-4EF6-8576-377C6310C3A9}.Debug|x64.ActiveCfg = Debug|x64
		{BC538473-1DB1-4EF6-8576-377C6310C3A9}.Debug|x64.Build.0 = Debug|x64
		{BC538473-1DB1-4EF6-8576-377C6310C3A9}.Debug|x86.ActiveCfg = Debug|Win32
		{BC538473-1DB1-4EF6-8576-377C6310C3A9}.Debug|x86.Build.0 = Debug|Win32
		{BC538473-1DB1-4EF6-8576-377C6310C3A9}.Release|x64.ActiveCfg = Release|x64
		{BC538473-1DB1-4EF6-8576-377C6310C3A9}.Release|x64.Build.0 = Release|x64
		{BC538473-1DB1-4EF6-8576-377C6310C3A9}.Release|x86.ActiveCfg = Release|Win32
		{BC538473-1DB1-4EF6-8576-377C6310C3A9}.Release|x86.Build.0 = Release|Win32
		{905E1710-A8B9-408F-B452-37E8867219E9}.Debug|x64.ActiveCfg = Debug|x64
		{905E1710-A8B9-408F-B452-37E8867219E9}.Debug|x64.Build.0 = Debug|x64
		{905E1710-A8B9-408F-B452-37E8867219E9}.Debug|x86.ActiveCfg = Debug|Win32
		{905E1710-A8B9-408F-B452-37E8867219E9}.Debug|x86.Build.0 = Debug|Win32
		{905E1710-A8B9-408F-B452-37E8867219E9}.Release|x64.ActiveCfg = Release|x64
		{905E1710-A8B9-408F-B452-37E8867219E9}.Release|x64.Build.0 = Release|x64
		{905E1710-A8B9-408F-B452-37E8867219E9}.Release|x86.ActiveCfg = Release|Win32
		{905E1710-A8B9-408F-B452-37E8867219E9}.Release|x86.Build.0 = Release|Win32
		{3753552A-9215-4B99-AEBF-ED95FB2F8878}.Debug|x64.ActiveCfg = Debug|x64
		{3753552A-9215-4B99-AEBF-ED95FB2F8878}.Debug|x64.Build.0 = Debug|x64
		{3753552A-9215-4B99-AEBF-ED95FB2F8878}.Debug|x86.ActiveCfg = Debug|Win32
		{3753552A-9215-4B99-AEBF-ED95FB2F8878}.Debug|x86.Build.0 = Debug|Win32
		{3753552A-9215-4B99-AEBF-ED95FB2F8878}.Release|x64.ActiveCfg = Release|x64
		{3753552A-9215-4B99-AEBF-ED95FB2F8878}.Release|x64.Build.0 = Release|x64
		{3753552A-9215-4B99-AEBF-ED95FB2F8878}.Release|x86.ActiveCfg = Release|Win32
		{3753552A-9215-4B99-AEBF-ED95FB2F8878}.Release|x86.Build.0 = Release|Win32
	EndGlobalSection
	GlobalSection(SolutionProperties) = preSolution
		HideSolutionNode = FALSE
	EndGlobalSection
	GlobalSection(ExtensibilityGlobals) = postSolution
		SolutionGuid = {B86AE7D8-83B8-4EF5-A6EF-9F4240C474ED}
	EndGlobalSection
EndGlobal
